// !$*UTF8*$!
{
	archiveVersion = 1;
	classes = {
	};
	objectVersion = 50;
	objects = {

/* Begin PBXBuildFile section */
		6506A4D4225C3FAC00BBC94A /* AppDelegate.swift in Sources */ = {isa = PBXBuildFile; fileRef = 6506A4D3225C3FAC00BBC94A /* AppDelegate.swift */; };
		6506A4D6225C3FAC00BBC94A /* ViewController.swift in Sources */ = {isa = PBXBuildFile; fileRef = 6506A4D5225C3FAC00BBC94A /* ViewController.swift */; };
		6506A4D9225C3FAC00BBC94A /* Main.storyboard in Resources */ = {isa = PBXBuildFile; fileRef = 6506A4D7225C3FAC00BBC94A /* Main.storyboard */; };
		6506A4DB225C3FAC00BBC94A /* Assets.xcassets in Resources */ = {isa = PBXBuildFile; fileRef = 6506A4DA225C3FAC00BBC94A /* Assets.xcassets */; };
		6506A4DE225C3FAC00BBC94A /* LaunchScreen.storyboard in Resources */ = {isa = PBXBuildFile; fileRef = 6506A4DC225C3FAC00BBC94A /* LaunchScreen.storyboard */; };
		6506A4E9225C3FAC00BBC94A /* GachTechTests.swift in Sources */ = {isa = PBXBuildFile; fileRef = 6506A4E8225C3FAC00BBC94A /* GachTechTests.swift */; };
		6506A4F4225C3FAC00BBC94A /* GachTechUITests.swift in Sources */ = {isa = PBXBuildFile; fileRef = 6506A4F3225C3FAC00BBC94A /* GachTechUITests.swift */; };
/* End PBXBuildFile section */

/* Begin PBXContainerItemProxy section */
		6506A4E5225C3FAC00BBC94A /* PBXContainerItemProxy */ = {
			isa = PBXContainerItemProxy;
			containerPortal = 6506A4C8225C3FAC00BBC94A /* Project object */;
			proxyType = 1;
			remoteGlobalIDString = 6506A4CF225C3FAC00BBC94A;
			remoteInfo = GachTech;
		};
		6506A4F0225C3FAC00BBC94A /* PBXContainerItemProxy */ = {
			isa = PBXContainerItemProxy;
			containerPortal = 6506A4C8225C3FAC00BBC94A /* Project object */;
			proxyType = 1;
			remoteGlobalIDString = 6506A4CF225C3FAC00BBC94A;
			remoteInfo = GachTech;
		};
/* End PBXContainerItemProxy section */

/* Begin PBXFileReference section */
		6506A4D0225C3FAC00BBC94A /* GachTech.app */ = {isa = PBXFileReference; explicitFileType = wrapper.application; includeInIndex = 0; path = GachTech.app; sourceTree = BUILT_PRODUCTS_DIR; };
		6506A4D3225C3FAC00BBC94A /* AppDelegate.swift */ = {isa = PBXFileReference; lastKnownFileType = sourcecode.swift; path = AppDelegate.swift; sourceTree = "<group>"; };
		6506A4D5225C3FAC00BBC94A /* ViewController.swift */ = {isa = PBXFileReference; lastKnownFileType = sourcecode.swift; path = ViewController.swift; sourceTree = "<group>"; };
		6506A4D8225C3FAC00BBC94A /* Base */ = {isa = PBXFileReference; lastKnownFileType = file.storyboard; name = Base; path = Base.lproj/Main.storyboard; sourceTree = "<group>"; };
		6506A4DA225C3FAC00BBC94A /* Assets.xcassets */ = {isa = PBXFileReference; lastKnownFileType = folder.assetcatalog; path = Assets.xcassets; sourceTree = "<group>"; };
		6506A4DD225C3FAC00BBC94A /* Base */ = {isa = PBXFileReference; lastKnownFileType = file.storyboard; name = Base; path = Base.lproj/LaunchScreen.storyboard; sourceTree = "<group>"; };
		6506A4DF225C3FAC00BBC94A /* Info.plist */ = {isa = PBXFileReference; lastKnownFileType = text.plist.xml; path = Info.plist; sourceTree = "<group>"; };
		6506A4E4225C3FAC00BBC94A /* GachTechTests.xctest */ = {isa = PBXFileReference; explicitFileType = wrapper.cfbundle; includeInIndex = 0; path = GachTechTests.xctest; sourceTree = BUILT_PRODUCTS_DIR; };
		6506A4E8225C3FAC00BBC94A /* GachTechTests.swift */ = {isa = PBXFileReference; lastKnownFileType = sourcecode.swift; path = GachTechTests.swift; sourceTree = "<group>"; };
		6506A4EA225C3FAC00BBC94A /* Info.plist */ = {isa = PBXFileReference; lastKnownFileType = text.plist.xml; path = Info.plist; sourceTree = "<group>"; };
		6506A4EF225C3FAC00BBC94A /* GachTechUITests.xctest */ = {isa = PBXFileReference; explicitFileType = wrapper.cfbundle; includeInIndex = 0; path = GachTechUITests.xctest; sourceTree = BUILT_PRODUCTS_DIR; };
		6506A4F3225C3FAC00BBC94A /* GachTechUITests.swift */ = {isa = PBXFileReference; lastKnownFileType = sourcecode.swift; path = GachTechUITests.swift; sourceTree = "<group>"; };
		6506A4F5225C3FAC00BBC94A /* Info.plist */ = {isa = PBXFileReference; lastKnownFileType = text.plist.xml; path = Info.plist; sourceTree = "<group>"; };
/* End PBXFileReference section */

/* Begin PBXFrameworksBuildPhase section */
		6506A4CD225C3FAC00BBC94A /* Frameworks */ = {
			isa = PBXFrameworksBuildPhase;
			buildActionMask = 2147483647;
			files = (
			);
			runOnlyForDeploymentPostprocessing = 0;
		};
		6506A4E1225C3FAC00BBC94A /* Frameworks */ = {
			isa = PBXFrameworksBuildPhase;
			buildActionMask = 2147483647;
			files = (
			);
			runOnlyForDeploymentPostprocessing = 0;
		};
		6506A4EC225C3FAC00BBC94A /* Frameworks */ = {
			isa = PBXFrameworksBuildPhase;
			buildActionMask = 2147483647;
			files = (
			);
			runOnlyForDeploymentPostprocessing = 0;
		};
/* End PBXFrameworksBuildPhase section */

/* Begin PBXGroup section */
		6506A4C7225C3FAC00BBC94A = {
			isa = PBXGroup;
			children = (
				6506A4D2225C3FAC00BBC94A /* GachTech */,
				6506A4E7225C3FAC00BBC94A /* GachTechTests */,
				6506A4F2225C3FAC00BBC94A /* GachTechUITests */,
				6506A4D1225C3FAC00BBC94A /* Products */,
			);
			sourceTree = "<group>";
		};
		6506A4D1225C3FAC00BBC94A /* Products */ = {
			isa = PBXGroup;
			children = (
				6506A4D0225C3FAC00BBC94A /* GachTech.app */,
				6506A4E4225C3FAC00BBC94A /* GachTechTests.xctest */,
				6506A4EF225C3FAC00BBC94A /* GachTechUITests.xctest */,
			);
			name = Products;
			sourceTree = "<group>";
		};
		6506A4D2225C3FAC00BBC94A /* GachTech */ = {
			isa = PBXGroup;
			children = (
				6506A4D3225C3FAC00BBC94A /* AppDelegate.swift */,
				6506A4D5225C3FAC00BBC94A /* ViewController.swift */,
				6506A4D7225C3FAC00BBC94A /* Main.storyboard */,
				6506A4DA225C3FAC00BBC94A /* Assets.xcassets */,
				6506A4DC225C3FAC00BBC94A /* LaunchScreen.storyboard */,
				6506A4DF225C3FAC00BBC94A /* Info.plist */,
			);
			path = GachTech;
			sourceTree = "<group>";
		};
		6506A4E7225C3FAC00BBC94A /* GachTechTests */ = {
			isa = PBXGroup;
			children = (
				6506A4E8225C3FAC00BBC94A /* GachTechTests.swift */,
				6506A4EA225C3FAC00BBC94A /* Info.plist */,
			);
			path = GachTechTests;
			sourceTree = "<group>";
		};
		6506A4F2225C3FAC00BBC94A /* GachTechUITests */ = {
			isa = PBXGroup;
			children = (
				6506A4F3225C3FAC00BBC94A /* GachTechUITests.swift */,
				6506A4F5225C3FAC00BBC94A /* Info.plist */,
			);
			path = GachTechUITests;
			sourceTree = "<group>";
		};
/* End PBXGroup section */

/* Begin PBXNativeTarget section */
		6506A4CF225C3FAC00BBC94A /* GachTech */ = {
			isa = PBXNativeTarget;
			buildConfigurationList = 6506A4F8225C3FAC00BBC94A /* Build configuration list for PBXNativeTarget "GachTech" */;
			buildPhases = (
				6506A4CC225C3FAC00BBC94A /* Sources */,
				6506A4CD225C3FAC00BBC94A /* Frameworks */,
				6506A4CE225C3FAC00BBC94A /* Resources */,
			);
			buildRules = (
			);
			dependencies = (
			);
			name = GachTech;
			productName = GachTech;
			productReference = 6506A4D0225C3FAC00BBC94A /* GachTech.app */;
			productType = "com.apple.product-type.application";
		};
		6506A4E3225C3FAC00BBC94A /* GachTechTests */ = {
			isa = PBXNativeTarget;
			buildConfigurationList = 6506A4FB225C3FAC00BBC94A /* Build configuration list for PBXNativeTarget "GachTechTests" */;
			buildPhases = (
				6506A4E0225C3FAC00BBC94A /* Sources */,
				6506A4E1225C3FAC00BBC94A /* Frameworks */,
				6506A4E2225C3FAC00BBC94A /* Resources */,
			);
			buildRules = (
			);
			dependencies = (
				6506A4E6225C3FAC00BBC94A /* PBXTargetDependency */,
			);
			name = GachTechTests;
			productName = GachTechTests;
			productReference = 6506A4E4225C3FAC00BBC94A /* GachTechTests.xctest */;
			productType = "com.apple.product-type.bundle.unit-test";
		};
		6506A4EE225C3FAC00BBC94A /* GachTechUITests */ = {
			isa = PBXNativeTarget;
			buildConfigurationList = 6506A4FE225C3FAC00BBC94A /* Build configuration list for PBXNativeTarget "GachTechUITests" */;
			buildPhases = (
				6506A4EB225C3FAC00BBC94A /* Sources */,
				6506A4EC225C3FAC00BBC94A /* Frameworks */,
				6506A4ED225C3FAC00BBC94A /* Resources */,
			);
			buildRules = (
			);
			dependencies = (
				6506A4F1225C3FAC00BBC94A /* PBXTargetDependency */,
			);
			name = GachTechUITests;
			productName = GachTechUITests;
			productReference = 6506A4EF225C3FAC00BBC94A /* GachTechUITests.xctest */;
			productType = "com.apple.product-type.bundle.ui-testing";
		};
/* End PBXNativeTarget section */

/* Begin PBXProject section */
		6506A4C8225C3FAC00BBC94A /* Project object */ = {
			isa = PBXProject;
			attributes = {
				LastSwiftUpdateCheck = 1020;
				LastUpgradeCheck = 1020;
				ORGANIZATIONNAME = Tommy;
				TargetAttributes = {
					6506A4CF225C3FAC00BBC94A = {
						CreatedOnToolsVersion = 10.2;
					};
					6506A4E3225C3FAC00BBC94A = {
						CreatedOnToolsVersion = 10.2;
						TestTargetID = 6506A4CF225C3FAC00BBC94A;
					};
					6506A4EE225C3FAC00BBC94A = {
						CreatedOnToolsVersion = 10.2;
						TestTargetID = 6506A4CF225C3FAC00BBC94A;
					};
				};
			};
			buildConfigurationList = 6506A4CB225C3FAC00BBC94A /* Build configuration list for PBXProject "GachTech" */;
			compatibilityVersion = "Xcode 9.3";
			developmentRegion = en;
			hasScannedForEncodings = 0;
			knownRegions = (
				en,
				Base,
			);
			mainGroup = 6506A4C7225C3FAC00BBC94A;
			productRefGroup = 6506A4D1225C3FAC00BBC94A /* Products */;
			projectDirPath = "";
			projectRoot = "";
			targets = (
				6506A4CF225C3FAC00BBC94A /* GachTech */,
				6506A4E3225C3FAC00BBC94A /* GachTechTests */,
				6506A4EE225C3FAC00BBC94A /* GachTechUITests */,
			);
		};
/* End PBXProject section */

/* Begin PBXResourcesBuildPhase section */
		6506A4CE225C3FAC00BBC94A /* Resources */ = {
			isa = PBXResourcesBuildPhase;
			buildActionMask = 2147483647;
			files = (
				6506A4DE225C3FAC00BBC94A /* LaunchScreen.storyboard in Resources */,
				6506A4DB225C3FAC00BBC94A /* Assets.xcassets in Resources */,
				6506A4D9225C3FAC00BBC94A /* Main.storyboard in Resources */,
			);
			runOnlyForDeploymentPostprocessing = 0;
		};
		6506A4E2225C3FAC00BBC94A /* Resources */ = {
			isa = PBXResourcesBuildPhase;
			buildActionMask = 2147483647;
			files = (
			);
			runOnlyForDeploymentPostprocessing = 0;
		};
		6506A4ED225C3FAC00BBC94A /* Resources */ = {
			isa = PBXResourcesBuildPhase;
			buildActionMask = 2147483647;
			files = (
			);
			runOnlyForDeploymentPostprocessing = 0;
		};
/* End PBXResourcesBuildPhase section */

/* Begin PBXSourcesBuildPhase section */
		6506A4CC225C3FAC00BBC94A /* Sources */ = {
			isa = PBXSourcesBuildPhase;
			buildActionMask = 2147483647;
			files = (
				6506A4D6225C3FAC00BBC94A /* ViewController.swift in Sources */,
				6506A4D4225C3FAC00BBC94A /* AppDelegate.swift in Sources */,
			);
			runOnlyForDeploymentPostprocessing = 0;
		};
		6506A4E0225C3FAC00BBC94A /* Sources */ = {
			isa = PBXSourcesBuildPhase;
			buildActionMask = 2147483647;
			files = (
				6506A4E9225C3FAC00BBC94A /* GachTechTests.swift in Sources */,
			);
			runOnlyForDeploymentPostprocessing = 0;
		};
		6506A4EB225C3FAC00BBC94A /* Sources */ = {
			isa = PBXSourcesBuildPhase;
			buildActionMask = 2147483647;
			files = (
				6506A4F4225C3FAC00BBC94A /* GachTechUITests.swift in Sources */,
			);
			runOnlyForDeploymentPostprocessing = 0;
		};
/* End PBXSourcesBuildPhase section */

/* Begin PBXTargetDependency section */
		6506A4E6225C3FAC00BBC94A /* PBXTargetDependency */ = {
			isa = PBXTargetDependency;
			target = 6506A4CF225C3FAC00BBC94A /* GachTech */;
			targetProxy = 6506A4E5225C3FAC00BBC94A /* PBXContainerItemProxy */;
		};
		6506A4F1225C3FAC00BBC94A /* PBXTargetDependency */ = {
			isa = PBXTargetDependency;
			target = 6506A4CF225C3FAC00BBC94A /* GachTech */;
			targetProxy = 6506A4F0225C3FAC00BBC94A /* PBXContainerItemProxy */;
		};
/* End PBXTargetDependency section */

/* Begin PBXVariantGroup section */
		6506A4D7225C3FAC00BBC94A /* Main.storyboard */ = {
			isa = PBXVariantGroup;
			children = (
				6506A4D8225C3FAC00BBC94A /* Base */,
			);
			name = Main.storyboard;
			sourceTree = "<group>";
		};
		6506A4DC225C3FAC00BBC94A /* LaunchScreen.storyboard */ = {
			isa = PBXVariantGroup;
			children = (
				6506A4DD225C3FAC00BBC94A /* Base */,
			);
			name = LaunchScreen.storyboard;
			sourceTree = "<group>";
		};
/* End PBXVariantGroup section */

/* Begin XCBuildConfiguration section */
		6506A4F6225C3FAC00BBC94A /* Debug */ = {
			isa = XCBuildConfiguration;
			buildSettings = {
				ALWAYS_SEARCH_USER_PATHS = NO;
				CLANG_ANALYZER_NONNULL = YES;
				CLANG_ANALYZER_NUMBER_OBJECT_CONVERSION = YES_AGGRESSIVE;
				CLANG_CXX_LANGUAGE_STANDARD = "gnu++14";
				CLANG_CXX_LIBRARY = "libc++";
				CLANG_ENABLE_MODULES = YES;
				CLANG_ENABLE_OBJC_ARC = YES;
				CLANG_ENABLE_OBJC_WEAK = YES;
				CLANG_WARN_BLOCK_CAPTURE_AUTORELEASING = YES;
				CLANG_WARN_BOOL_CONVERSION = YES;
				CLANG_WARN_COMMA = YES;
				CLANG_WARN_CONSTANT_CONVERSION = YES;
				CLANG_WARN_DEPRECATED_OBJC_IMPLEMENTATIONS = YES;
				CLANG_WARN_DIRECT_OBJC_ISA_USAGE = YES_ERROR;
				CLANG_WARN_DOCUMENTATION_COMMENTS = YES;
				CLANG_WARN_EMPTY_BODY = YES;
				CLANG_WARN_ENUM_CONVERSION = YES;
				CLANG_WARN_INFINITE_RECURSION = YES;
				CLANG_WARN_INT_CONVERSION = YES;
				CLANG_WARN_NON_LITERAL_NULL_CONVERSION = YES;
				CLANG_WARN_OBJC_IMPLICIT_RETAIN_SELF = YES;
				CLANG_WARN_OBJC_LITERAL_CONVERSION = YES;
				CLANG_WARN_OBJC_ROOT_CLASS = YES_ERROR;
				CLANG_WARN_RANGE_LOOP_ANALYSIS = YES;
				CLANG_WARN_STRICT_PROTOTYPES = YES;
				CLANG_WARN_SUSPICIOUS_MOVE = YES;
				CLANG_WARN_UNGUARDED_AVAILABILITY = YES_AGGRESSIVE;
				CLANG_WARN_UNREACHABLE_CODE = YES;
				CLANG_WARN__DUPLICATE_METHOD_MATCH = YES;
				CODE_SIGN_IDENTITY = "iPhone Developer";
				COPY_PHASE_STRIP = NO;
				DEBUG_INFORMATION_FORMAT = dwarf;
				ENABLE_STRICT_OBJC_MSGSEND = YES;
				ENABLE_TESTABILITY = YES;
				GCC_C_LANGUAGE_STANDARD = gnu11;
				GCC_DYNAMIC_NO_PIC = NO;
				GCC_NO_COMMON_BLOCKS = YES;
				GCC_OPTIMIZATION_LEVEL = 0;
				GCC_PREPROCESSOR_DEFINITIONS = (
					"DEBUG=1",
					"$(inherited)",
				);
				GCC_WARN_64_TO_32_BIT_CONVERSION = YES;
				GCC_WARN_ABOUT_RETURN_TYPE = YES_ERROR;
				GCC_WARN_UNDECLARED_SELECTOR = YES;
				GCC_WARN_UNINITIALIZED_AUTOS = YES_AGGRESSIVE;
				GCC_WARN_UNUSED_FUNCTION = YES;
				GCC_WARN_UNUSED_VARIABLE = YES;
				IPHONEOS_DEPLOYMENT_TARGET = 12.2;
				MTL_ENABLE_DEBUG_INFO = INCLUDE_SOURCE;
				MTL_FAST_MATH = YES;
				ONLY_ACTIVE_ARCH = YES;
				SDKROOT = iphoneos;
				SWIFT_ACTIVE_COMPILATION_CONDITIONS = DEBUG;
				SWIFT_OPTIMIZATION_LEVEL = "-Onone";
			};
			name = Debug;
		};
		6506A4F7225C3FAC00BBC94A /* Release */ = {
			isa = XCBuildConfiguration;
			buildSettings = {
				ALWAYS_SEARCH_USER_PATHS = NO;
				CLANG_ANALYZER_NONNULL = YES;
				CLANG_ANALYZER_NUMBER_OBJECT_CONVERSION = YES_AGGRESSIVE;
				CLANG_CXX_LANGUAGE_STANDARD = "gnu++14";
				CLANG_CXX_LIBRARY = "libc++";
				CLANG_ENABLE_MODULES = YES;
				CLANG_ENABLE_OBJC_ARC = YES;
				CLANG_ENABLE_OBJC_WEAK = YES;
				CLANG_WARN_BLOCK_CAPTURE_AUTORELEASING = YES;
				CLANG_WARN_BOOL_CONVERSION = YES;
				CLANG_WARN_COMMA = YES;
				CLANG_WARN_CONSTANT_CONVERSION = YES;
				CLANG_WARN_DEPRECATED_OBJC_IMPLEMENTATIONS = YES;
				CLANG_WARN_DIRECT_OBJC_ISA_USAGE = YES_ERROR;
				CLANG_WARN_DOCUMENTATION_COMMENTS = YES;
				CLANG_WARN_EMPTY_BODY = YES;
				CLANG_WARN_ENUM_CONVERSION = YES;
				CLANG_WARN_INFINITE_RECURSION = YES;
				CLANG_WARN_INT_CONVERSION = YES;
				CLANG_WARN_NON_LITERAL_NULL_CONVERSION = YES;
				CLANG_WARN_OBJC_IMPLICIT_RETAIN_SELF = YES;
				CLANG_WARN_OBJC_LITERAL_CONVERSION = YES;
				CLANG_WARN_OBJC_ROOT_CLASS = YES_ERROR;
				CLANG_WARN_RANGE_LOOP_ANALYSIS = YES;
				CLANG_WARN_STRICT_PROTOTYPES = YES;
				CLANG_WARN_SUSPICIOUS_MOVE = YES;
				CLANG_WARN_UNGUARDED_AVAILABILITY = YES_AGGRESSIVE;
				CLANG_WARN_UNREACHABLE_CODE = YES;
				CLANG_WARN__DUPLICATE_METHOD_MATCH = YES;
				CODE_SIGN_IDENTITY = "iPhone Developer";
				COPY_PHASE_STRIP = NO;
				DEBUG_INFORMATION_FORMAT = "dwarf-with-dsym";
				ENABLE_NS_ASSERTIONS = NO;
				ENABLE_STRICT_OBJC_MSGSEND = YES;
				GCC_C_LANGUAGE_STANDARD = gnu11;
				GCC_NO_COMMON_BLOCKS = YES;
				GCC_WARN_64_TO_32_BIT_CONVERSION = YES;
				GCC_WARN_ABOUT_RETURN_TYPE = YES_ERROR;
				GCC_WARN_UNDECLARED_SELECTOR = YES;
				GCC_WARN_UNINITIALIZED_AUTOS = YES_AGGRESSIVE;
				GCC_WARN_UNUSED_FUNCTION = YES;
				GCC_WARN_UNUSED_VARIABLE = YES;
				IPHONEOS_DEPLOYMENT_TARGET = 12.2;
				MTL_ENABLE_DEBUG_INFO = NO;
				MTL_FAST_MATH = YES;
				SDKROOT = iphoneos;
				SWIFT_COMPILATION_MODE = wholemodule;
				SWIFT_OPTIMIZATION_LEVEL = "-O";
				VALIDATE_PRODUCT = YES;
			};
			name = Release;
		};
		6506A4F9225C3FAC00BBC94A /* Debug */ = {
			isa = XCBuildConfiguration;
			buildSettings = {
				ASSETCATALOG_COMPILER_APPICON_NAME = AppIcon;
				CODE_SIGN_STYLE = Automatic;
				DEVELOPMENT_TEAM = 2P44D5B93M;
				INFOPLIST_FILE = GachTech/Info.plist;
				LD_RUNPATH_SEARCH_PATHS = (
					"$(inherited)",
					"@executable_path/Frameworks",
				);
				PRODUCT_BUNDLE_IDENTIFIER = jp.tommy.GachTech;
				PRODUCT_NAME = "$(TARGET_NAME)";
				SWIFT_VERSION = 5.0;
				TARGETED_DEVICE_FAMILY = "1,2";
			};
			name = Debug;
		};
		6506A4FA225C3FAC00BBC94A /* Release */ = {
			isa = XCBuildConfiguration;
			buildSettings = {
				ASSETCATALOG_COMPILER_APPICON_NAME = AppIcon;
				CODE_SIGN_STYLE = Automatic;
				DEVELOPMENT_TEAM = 2P44D5B93M;
				INFOPLIST_FILE = GachTech/Info.plist;
				LD_RUNPATH_SEARCH_PATHS = (
					"$(inherited)",
					"@executable_path/Frameworks",
				);
				PRODUCT_BUNDLE_IDENTIFIER = jp.tommy.GachTech;
				PRODUCT_NAME = "$(TARGET_NAME)";
				SWIFT_VERSION = 5.0;
				TARGETED_DEVICE_FAMILY = "1,2";
			};
			name = Release;
		};
		6506A4FC225C3FAC00BBC94A /* Debug */ = {
			isa = XCBuildConfiguration;
			buildSettings = {
				ALWAYS_EMBED_SWIFT_STANDARD_LIBRARIES = YES;
				BUNDLE_LOADER = "$(TEST_HOST)";
				CODE_SIGN_STYLE = Automatic;
				DEVELOPMENT_TEAM = 2P44D5B93M;
				INFOPLIST_FILE = GachTechTests/Info.plist;
				LD_RUNPATH_SEARCH_PATHS = (
					"$(inherited)",
					"@executable_path/Frameworks",
					"@loader_path/Frameworks",
				);
				PRODUCT_BUNDLE_IDENTIFIER = jp.tommy.GachTechTests;
				PRODUCT_NAME = "$(TARGET_NAME)";
				SWIFT_VERSION = 5.0;
				TARGETED_DEVICE_FAMILY = "1,2";
				TEST_HOST = "$(BUILT_PRODUCTS_DIR)/GachTech.app/GachTech";
			};
			name = Debug;
		};
		6506A4FD225C3FAC00BBC94A /* Release */ = {
			isa = XCBuildConfiguration;
			buildSettings = {
				ALWAYS_EMBED_SWIFT_STANDARD_LIBRARIES = YES;
				BUNDLE_LOADER = "$(TEST_HOST)";
				CODE_SIGN_STYLE = Automatic;
				DEVELOPMENT_TEAM = 2P44D5B93M;
				INFOPLIST_FILE = GachTechTests/Info.plist;
				LD_RUNPATH_SEARCH_PATHS = (
					"$(inherited)",
					"@executable_path/Frameworks",
					"@loader_path/Frameworks",
				);
				PRODUCT_BUNDLE_IDENTIFIER = jp.tommy.GachTechTests;
				PRODUCT_NAME = "$(TARGET_NAME)";
				SWIFT_VERSION = 5.0;
				TARGETED_DEVICE_FAMILY = "1,2";
				TEST_HOST = "$(BUILT_PRODUCTS_DIR)/GachTech.app/GachTech";
			};
			name = Release;
		};
		6506A4FF225C3FAC00BBC94A /* Debug */ = {
			isa = XCBuildConfiguration;
			buildSettings = {
				ALWAYS_EMBED_SWIFT_STANDARD_LIBRARIES = YES;
				CODE_SIGN_STYLE = Automatic;
				DEVELOPMENT_TEAM = 2P44D5B93M;
				INFOPLIST_FILE = GachTechUITests/Info.plist;
				LD_RUNPATH_SEARCH_PATHS = (
					"$(inherited)",
					"@executable_path/Frameworks",
					"@loader_path/Frameworks",
				);
				PRODUCT_BUNDLE_IDENTIFIER = jp.tommy.GachTechUITests;
				PRODUCT_NAME = "$(TARGET_NAME)";
				SWIFT_VERSION = 5.0;
				TARGETED_DEVICE_FAMILY = "1,2";
				TEST_TARGET_NAME = GachTech;
			};
			name = Debug;
		};
		6506A500225C3FAC00BBC94A /* Release */ = {
			isa = XCBuildConfiguration;
			buildSettings = {
				ALWAYS_EMBED_SWIFT_STANDARD_LIBRARIES = YES;
				CODE_SIGN_STYLE = Automatic;
				DEVELOPMENT_TEAM = 2P44D5B93M;
				INFOPLIST_FILE = GachTechUITests/Info.plist;
				LD_RUNPATH_SEARCH_PATHS = (
					"$(inherited)",
					"@executable_path/Frameworks",
					"@loader_path/Frameworks",
				);
				PRODUCT_BUNDLE_IDENTIFIER = jp.tommy.GachTechUITests;
				PRODUCT_NAME = "$(TARGET_NAME)";
				SWIFT_VERSION = 5.0;
				TARGETED_DEVICE_FAMILY = "1,2";
				TEST_TARGET_NAME = GachTech;
			};
			name = Release;
		};
/* End XCBuildConfiguration section */

/* Begin XCConfigurationList section */
		6506A4CB225C3FAC00BBC94A /* Build configuration list for PBXProject "GachTech" */ = {
			isa = XCConfigurationList;
			buildConfigurations = (
				6506A4F6225C3FAC00BBC94A /* Debug */,
				6506A4F7225C3FAC00BBC94A /* Release */,
			);
			defaultConfigurationIsVisible = 0;
			defaultConfigurationName = Release;
		};
		6506A4F8225C3FAC00BBC94A /* Build configuration list for PBXNativeTarget "GachTech" */ = {
			isa = XCConfigurationList;
			buildConfigurations = (
				6506A4F9225C3FAC00BBC94A /* Debug */,
				6506A4FA225C3FAC00BBC94A /* Release */,
			);
			defaultConfigurationIsVisible = 0;
			defaultConfigurationName = Release;
		};
		6506A4FB225C3FAC00BBC94A /* Build configuration list for PBXNativeTarget "GachTechTests" */ = {
			isa = XCConfigurationList;
			buildConfigurations = (
				6506A4FC225C3FAC00BBC94A /* Debug */,
				6506A4FD225C3FAC00BBC94A /* Release */,
			);
			defaultConfigurationIsVisible = 0;
			defaultConfigurationName = Release;
		};
		6506A4FE225C3FAC00BBC94A /* Build configuration list for PBXNativeTarget "GachTechUITests" */ = {
			isa = XCConfigurationList;
			buildConfigurations = (
				6506A4FF225C3FAC00BBC94A /* Debug */,
				6506A500225C3FAC00BBC94A /* Release */,
			);
			defaultConfigurationIsVisible = 0;
			defaultConfigurationName = Release;
		};
/* End XCConfigurationList section */
	};
	rootObject = 6506A4C8225C3FAC00BBC94A /* Project object */;
}
